
Microsoft Visual Studio Solution File, Format Version 12.00
# Visual Studio Version 16
VisualStudioVersion = 16.0.31424.327
MinimumVisualStudioVersion = 10.0.40219.1
Project("{FAE04EC0-301F-11D3-BF4B-00C04F79EFBC}") = "ProgettoCoppie", "ProgettoCoppie\ProgettoCoppie.csproj", "{D4F48B3B-845E-4474-9EB7-90225522FA36}"
EndProject
Global
	GlobalSection(SolutionConfigurationPlatforms) = preSolution
		Debug|Any CPU = Debug|Any CPU
		Release|Any CPU = Release|Any CPU
	EndGlobalSection
	GlobalSection(ProjectConfigurationPlatforms) = postSolution
		{D4F48B3B-845E-4474-9EB7-90225522FA36}.Debug|Any CPU.ActiveCfg = Debug|Any CPU
		{D4F48B3B-845E-4474-9EB7-90225522FA36}.Debug|Any CPU.Build.0 = Debug|Any CPU
		{D4F48B3B-845E-4474-9EB7-90225522FA36}.Release|Any CPU.ActiveCfg = Release|Any CPU
		{D4F48B3B-845E-4474-9EB7-90225522FA36}.Release|Any CPU.Build.0 = Release|Any CPU
	EndGlobalSection
	GlobalSection(SolutionProperties) = preSolution
		HideSolutionNode = FALSE
	EndGlobalSection
	GlobalSection(ExtensibilityGlobals) = postSolution
		SolutionGuid = {D1AF7E7B-6FC9-41B5-A5EF-134CFE6981DD}
	EndGlobalSection
EndGlobal
